
Microsoft Visual Studio Solution File, Format Version 12.00
# Visual Studio Version 17
VisualStudioVersion = 17.4.33403.182
MinimumVisualStudioVersion = 10.0.40219.1
Project("{FAE04EC0-301F-11D3-BF4B-00C04F79EFBC}") = "Sudoku", "Sudoku.csproj", "{200F4946-EF6E-4958-BB6F-324BEF33BF76}"
EndProject
Global
	GlobalSection(SolutionConfigurationPlatforms) = preSolution
		Debug|Any CPU = Debug|Any CPU
		Release|Any CPU = Release|Any CPU
	EndGlobalSection
	GlobalSection(ProjectConfigurationPlatforms) = postSolution
		{200F4946-EF6E-4958-BB6F-324BEF33BF76}.Debug|Any CPU.ActiveCfg = Debug|Any CPU
		{200F4946-EF6E-4958-BB6F-324BEF33BF76}.Debug|Any CPU.Build.0 = Debug|Any CPU
		{200F4946-EF6E-4958-BB6F-324BEF33BF76}.Release|Any CPU.ActiveCfg = Release|Any CPU
		{200F4946-EF6E-4958-BB6F-324BEF33BF76}.Release|Any CPU.Build.0 = Release|Any CPU
	EndGlobalSection
	GlobalSection(SolutionProperties) = preSolution
		HideSolutionNode = FALSE
	EndGlobalSection
	GlobalSection(ExtensibilityGlobals) = postSolution
		SolutionGuid = {B6F80CF2-47F2-4112-9394-A4C68D9CF142}
	EndGlobalSection
EndGlobal
